# Nodexa upstream sources
# Auto-generated by .github/workflows/sync-pterodactyl.yml
panel_repository=https://github.com/pterodactyl/panel
panel_commit=113ea43d0d48f48d567c9d91e4a7d5b5bb8876e3
wings_repository=https://github.com/pterodactyl/wings
wings_commit=d6116827313dae176ddf4741e233554392993398
installer_repository=https://github.com/pterodactyl-installer/pterodactyl-installer
installer_commit=dbc9a690c434dff8efd2bcd7dc19870b697b958d
